
Microsoft Visual Studio Solution File, Format Version 12.00
# Visual Studio Version 16
VisualStudioVersion = 16.0.29519.87
MinimumVisualStudioVersion = 10.0.40219.1
Project("{9A19103F-16F7-4668-BE54-9A1E7A4F7556}") = "MP3FileUpdater.Core", "MP3FileUpdater\MP3FileUpdater.Core.csproj", "{7B1C9835-32CB-4724-9CD5-0204C744DBAD}"
EndProject
Project("{2150E333-8FDC-42A3-9474-1A3956D46DE8}") = "Core", "Core", "{4E4B5EA2-5D6B-461A-8056-0F00B969E86D}"
EndProject
Project("{2150E333-8FDC-42A3-9474-1A3956D46DE8}") = "Tests", "Tests", "{CBABE761-D7FD-45FC-9B5D-763DAB2258D5}"
EndProject
Project("{9A19103F-16F7-4668-BE54-9A1E7A4F7556}") = "MP3Updater.Core.Tests", "MP3Updater.Core.Tests\MP3Updater.Core.Tests.csproj", "{2037F670-9B18-45F6-BEE6-F32CD5B9ED4E}"
EndProject
Project("{2150E333-8FDC-42A3-9474-1A3956D46DE8}") = "UI", "UI", "{FCF3D25F-BBCF-4BB2-ABDA-8EC83BCC5AD4}"
EndProject
Project("{2150E333-8FDC-42A3-9474-1A3956D46DE8}") = "WPF", "WPF", "{2B9B659E-51EB-49AE-8E37-9FFE3471BC87}"
EndProject
Project("{2150E333-8FDC-42A3-9474-1A3956D46DE8}") = "ConsoleUI", "ConsoleUI", "{4F956F85-2E68-446D-A56E-AE7CA7D4DD3E}"
EndProject
Project("{9A19103F-16F7-4668-BE54-9A1E7A4F7556}") = "MP3Updater.UI.Console.Host", "MP3Updater.UI.Console.Host\MP3Updater.UI.Console.Host.csproj", "{A609A506-146A-458A-8283-DB4691DD9779}"
EndProject
Project("{9A19103F-16F7-4668-BE54-9A1E7A4F7556}") = "MP3Updater.UI.Console.Tests", "MP3Updater.UI.Console.Tests\MP3Updater.UI.Console.Tests.csproj", "{0786A291-490F-40B2-BE2A-29798D99DCCD}"
EndProject
Project("{9A19103F-16F7-4668-BE54-9A1E7A4F7556}") = "MP3Updater.UI.WPF.Controls", "MP3Updater.UI.WPF.Controls\MP3Updater.UI.WPF.Controls.csproj", "{37E55BDE-3CFA-4691-BC6B-9BAA866FDA99}"
EndProject
Project("{9A19103F-16F7-4668-BE54-9A1E7A4F7556}") = "MP3Updater.UI.WPF.Tests", "MP3Updater.UI.WPF.Tests\MP3Updater.UI.WPF.Tests.csproj", "{B715AA51-0A69-44DA-A5E7-F1015E63DA10}"
EndProject
Project("{2150E333-8FDC-42A3-9474-1A3956D46DE8}") = "Tests", "Tests", "{EC2E66B7-EE1A-49E7-94AE-853132F15C9C}"
EndProject
Project("{9A19103F-16F7-4668-BE54-9A1E7A4F7556}") = "MP3FileUpdater.UI.WPF.Host", "WPF\MP3FileUpdater.UI.WPF.Host\MP3FileUpdater.UI.WPF.Host.csproj", "{004CA69F-F2FC-46EF-B555-57D750953731}"
EndProject
Project("{9A19103F-16F7-4668-BE54-9A1E7A4F7556}") = "MP3FileUpdater.UI.WPF.Command", "WPF\MP3FileUpdater.UI.WPF.Command\MP3FileUpdater.UI.WPF.Command.csproj", "{DB19518D-1C88-4CDD-B3CD-DCB40DCDABBC}"
EndProject
Project("{2150E333-8FDC-42A3-9474-1A3956D46DE8}") = "DAL", "DAL", "{A114F9AE-46AE-4BD1-86F9-FBD0EBF52A94}"
EndProject
Project("{FAE04EC0-301F-11D3-BF4B-00C04F79EFBC}") = "Mp3Updater.DAL", "DAL\Mp3Updater.DAL\Mp3Updater.DAL.csproj", "{3DFAC732-DF72-449C-8DAA-9166BA321A3E}"
EndProject
Project("{FAE04EC0-301F-11D3-BF4B-00C04F79EFBC}") = "Mp3Updater.DAL.SQL", "DAL\Mp3Updater.DAL.SQL\Mp3Updater.DAL.SQL.csproj", "{B47AAFEE-52AE-4B75-B420-F0C2C0585C53}"
EndProject
Project("{FAE04EC0-301F-11D3-BF4B-00C04F79EFBC}") = "Mp3Updater.DAL.Memory", "DAL\Mp3Updater.DAL.Memory\Mp3Updater.DAL.Memory.csproj", "{64FB4A77-4FED-4D35-A5F8-ECFD8D11DD2C}"
EndProject
Global
	GlobalSection(SolutionConfigurationPlatforms) = preSolution
		Debug|Any CPU = Debug|Any CPU
		Release|Any CPU = Release|Any CPU
	EndGlobalSection
	GlobalSection(ProjectConfigurationPlatforms) = postSolution
		{7B1C9835-32CB-4724-9CD5-0204C744DBAD}.Debug|Any CPU.ActiveCfg = Debug|Any CPU
		{7B1C9835-32CB-4724-9CD5-0204C744DBAD}.Debug|Any CPU.Build.0 = Debug|Any CPU
		{7B1C9835-32CB-4724-9CD5-0204C744DBAD}.Release|Any CPU.ActiveCfg = Release|Any CPU
		{7B1C9835-32CB-4724-9CD5-0204C744DBAD}.Release|Any CPU.Build.0 = Release|Any CPU
		{2037F670-9B18-45F6-BEE6-F32CD5B9ED4E}.Debug|Any CPU.ActiveCfg = Debug|Any CPU
		{2037F670-9B18-45F6-BEE6-F32CD5B9ED4E}.Debug|Any CPU.Build.0 = Debug|Any CPU
		{2037F670-9B18-45F6-BEE6-F32CD5B9ED4E}.Release|Any CPU.ActiveCfg = Release|Any CPU
		{2037F670-9B18-45F6-BEE6-F32CD5B9ED4E}.Release|Any CPU.Build.0 = Release|Any CPU
		{A609A506-146A-458A-8283-DB4691DD9779}.Debug|Any CPU.ActiveCfg = Debug|Any CPU
		{A609A506-146A-458A-8283-DB4691DD9779}.Debug|Any CPU.Build.0 = Debug|Any CPU
		{A609A506-146A-458A-8283-DB4691DD9779}.Release|Any CPU.ActiveCfg = Release|Any CPU
		{A609A506-146A-458A-8283-DB4691DD9779}.Release|Any CPU.Build.0 = Release|Any CPU
		{0786A291-490F-40B2-BE2A-29798D99DCCD}.Debug|Any CPU.ActiveCfg = Debug|Any CPU
		{0786A291-490F-40B2-BE2A-29798D99DCCD}.Debug|Any CPU.Build.0 = Debug|Any CPU
		{0786A291-490F-40B2-BE2A-29798D99DCCD}.Release|Any CPU.ActiveCfg = Release|Any CPU
		{0786A291-490F-40B2-BE2A-29798D99DCCD}.Release|Any CPU.Build.0 = Release|Any CPU
		{37E55BDE-3CFA-4691-BC6B-9BAA866FDA99}.Debug|Any CPU.ActiveCfg = Debug|Any CPU
		{37E55BDE-3CFA-4691-BC6B-9BAA866FDA99}.Debug|Any CPU.Build.0 = Debug|Any CPU
		{37E55BDE-3CFA-4691-BC6B-9BAA866FDA99}.Release|Any CPU.ActiveCfg = Release|Any CPU
		{37E55BDE-3CFA-4691-BC6B-9BAA866FDA99}.Release|Any CPU.Build.0 = Release|Any CPU
		{B715AA51-0A69-44DA-A5E7-F1015E63DA10}.Debug|Any CPU.ActiveCfg = Debug|Any CPU
		{B715AA51-0A69-44DA-A5E7-F1015E63DA10}.Debug|Any CPU.Build.0 = Debug|Any CPU
		{B715AA51-0A69-44DA-A5E7-F1015E63DA10}.Release|Any CPU.ActiveCfg = Release|Any CPU
		{B715AA51-0A69-44DA-A5E7-F1015E63DA10}.Release|Any CPU.Build.0 = Release|Any CPU
		{004CA69F-F2FC-46EF-B555-57D750953731}.Debug|Any CPU.ActiveCfg = Debug|Any CPU
		{004CA69F-F2FC-46EF-B555-57D750953731}.Debug|Any CPU.Build.0 = Debug|Any CPU
		{004CA69F-F2FC-46EF-B555-57D750953731}.Release|Any CPU.ActiveCfg = Release|Any CPU
		{004CA69F-F2FC-46EF-B555-57D750953731}.Release|Any CPU.Build.0 = Release|Any CPU
		{DB19518D-1C88-4CDD-B3CD-DCB40DCDABBC}.Debug|Any CPU.ActiveCfg = Debug|Any CPU
		{DB19518D-1C88-4CDD-B3CD-DCB40DCDABBC}.Debug|Any CPU.Build.0 = Debug|Any CPU
		{DB19518D-1C88-4CDD-B3CD-DCB40DCDABBC}.Release|Any CPU.ActiveCfg = Release|Any CPU
		{DB19518D-1C88-4CDD-B3CD-DCB40DCDABBC}.Release|Any CPU.Build.0 = Release|Any CPU
		{3DFAC732-DF72-449C-8DAA-9166BA321A3E}.Debug|Any CPU.ActiveCfg = Debug|Any CPU
		{3DFAC732-DF72-449C-8DAA-9166BA321A3E}.Debug|Any CPU.Build.0 = Debug|Any CPU
		{3DFAC732-DF72-449C-8DAA-9166BA321A3E}.Release|Any CPU.ActiveCfg = Release|Any CPU
		{3DFAC732-DF72-449C-8DAA-9166BA321A3E}.Release|Any CPU.Build.0 = Release|Any CPU
		{B47AAFEE-52AE-4B75-B420-F0C2C0585C53}.Debug|Any CPU.ActiveCfg = Debug|Any CPU
		{B47AAFEE-52AE-4B75-B420-F0C2C0585C53}.Debug|Any CPU.Build.0 = Debug|Any CPU
		{B47AAFEE-52AE-4B75-B420-F0C2C0585C53}.Release|Any CPU.ActiveCfg = Release|Any CPU
		{B47AAFEE-52AE-4B75-B420-F0C2C0585C53}.Release|Any CPU.Build.0 = Release|Any CPU
		{64FB4A77-4FED-4D35-A5F8-ECFD8D11DD2C}.Debug|Any CPU.ActiveCfg = Debug|Any CPU
		{64FB4A77-4FED-4D35-A5F8-ECFD8D11DD2C}.Debug|Any CPU.Build.0 = Debug|Any CPU
		{64FB4A77-4FED-4D35-A5F8-ECFD8D11DD2C}.Release|Any CPU.ActiveCfg = Release|Any CPU
		{64FB4A77-4FED-4D35-A5F8-ECFD8D11DD2C}.Release|Any CPU.Build.0 = Release|Any CPU
	EndGlobalSection
	GlobalSection(SolutionProperties) = preSolution
		HideSolutionNode = FALSE
	EndGlobalSection
	GlobalSection(NestedProjects) = preSolution
		{7B1C9835-32CB-4724-9CD5-0204C744DBAD} = {4E4B5EA2-5D6B-461A-8056-0F00B969E86D}
		{CBABE761-D7FD-45FC-9B5D-763DAB2258D5} = {4E4B5EA2-5D6B-461A-8056-0F00B969E86D}
		{2037F670-9B18-45F6-BEE6-F32CD5B9ED4E} = {CBABE761-D7FD-45FC-9B5D-763DAB2258D5}
		{2B9B659E-51EB-49AE-8E37-9FFE3471BC87} = {FCF3D25F-BBCF-4BB2-ABDA-8EC83BCC5AD4}
		{4F956F85-2E68-446D-A56E-AE7CA7D4DD3E} = {FCF3D25F-BBCF-4BB2-ABDA-8EC83BCC5AD4}
		{A609A506-146A-458A-8283-DB4691DD9779} = {4F956F85-2E68-446D-A56E-AE7CA7D4DD3E}
		{0786A291-490F-40B2-BE2A-29798D99DCCD} = {EC2E66B7-EE1A-49E7-94AE-853132F15C9C}
		{37E55BDE-3CFA-4691-BC6B-9BAA866FDA99} = {2B9B659E-51EB-49AE-8E37-9FFE3471BC87}
		{B715AA51-0A69-44DA-A5E7-F1015E63DA10} = {2B9B659E-51EB-49AE-8E37-9FFE3471BC87}
		{EC2E66B7-EE1A-49E7-94AE-853132F15C9C} = {4F956F85-2E68-446D-A56E-AE7CA7D4DD3E}
		{004CA69F-F2FC-46EF-B555-57D750953731} = {2B9B659E-51EB-49AE-8E37-9FFE3471BC87}
		{DB19518D-1C88-4CDD-B3CD-DCB40DCDABBC} = {2B9B659E-51EB-49AE-8E37-9FFE3471BC87}
		{3DFAC732-DF72-449C-8DAA-9166BA321A3E} = {A114F9AE-46AE-4BD1-86F9-FBD0EBF52A94}
		{B47AAFEE-52AE-4B75-B420-F0C2C0585C53} = {A114F9AE-46AE-4BD1-86F9-FBD0EBF52A94}
		{64FB4A77-4FED-4D35-A5F8-ECFD8D11DD2C} = {A114F9AE-46AE-4BD1-86F9-FBD0EBF52A94}
	EndGlobalSection
	GlobalSection(ExtensibilityGlobals) = postSolution
		SolutionGuid = {01B24548-9FA8-4A41-9AAB-BC42E0552062}
	EndGlobalSection
EndGlobal
